
Microsoft Visual Studio Solution File, Format Version 12.00
# Visual Studio Version 16
VisualStudioVersion = 16.0.31729.503
MinimumVisualStudioVersion = 10.0.40219.1
Project("{FAE04EC0-301F-11D3-BF4B-00C04F79EFBC}") = "KupacService", "KupacService\KupacService.csproj", "{C3945B62-E230-4439-88AA-C41DB9094F08}"
EndProject
Global
	GlobalSection(SolutionConfigurationPlatforms) = preSolution
		Debug|Any CPU = Debug|Any CPU
		Release|Any CPU = Release|Any CPU
	EndGlobalSection
	GlobalSection(ProjectConfigurationPlatforms) = postSolution
		{C3945B62-E230-4439-88AA-C41DB9094F08}.Debug|Any CPU.ActiveCfg = Debug|Any CPU
		{C3945B62-E230-4439-88AA-C41DB9094F08}.Debug|Any CPU.Build.0 = Debug|Any CPU
		{C3945B62-E230-4439-88AA-C41DB9094F08}.Release|Any CPU.ActiveCfg = Release|Any CPU
		{C3945B62-E230-4439-88AA-C41DB9094F08}.Release|Any CPU.Build.0 = Release|Any CPU
	EndGlobalSection
	GlobalSection(SolutionProperties) = preSolution
		HideSolutionNode = FALSE
	EndGlobalSection
	GlobalSection(ExtensibilityGlobals) = postSolution
		SolutionGuid = {3FD13C43-A6DF-447F-B8F6-6BE133AAB0B3}
	EndGlobalSection
EndGlobal
