
Microsoft Visual Studio Solution File, Format Version 12.00
# Visual Studio Version 16
VisualStudioVersion = 16.0.31729.503
MinimumVisualStudioVersion = 10.0.40219.1
Project("{FAE04EC0-301F-11D3-BF4B-00C04F79EFBC}") = "LicnostService", "LicnostService.csproj", "{1BAA64D5-3014-4832-A0A0-C6D07A7DD322}"
EndProject
Global
	GlobalSection(SolutionConfigurationPlatforms) = preSolution
		Debug|Any CPU = Debug|Any CPU
		Release|Any CPU = Release|Any CPU
	EndGlobalSection
	GlobalSection(ProjectConfigurationPlatforms) = postSolution
		{1BAA64D5-3014-4832-A0A0-C6D07A7DD322}.Debug|Any CPU.ActiveCfg = Debug|Any CPU
		{1BAA64D5-3014-4832-A0A0-C6D07A7DD322}.Debug|Any CPU.Build.0 = Debug|Any CPU
		{1BAA64D5-3014-4832-A0A0-C6D07A7DD322}.Release|Any CPU.ActiveCfg = Release|Any CPU
		{1BAA64D5-3014-4832-A0A0-C6D07A7DD322}.Release|Any CPU.Build.0 = Release|Any CPU
	EndGlobalSection
	GlobalSection(SolutionProperties) = preSolution
		HideSolutionNode = FALSE
	EndGlobalSection
	GlobalSection(ExtensibilityGlobals) = postSolution
		SolutionGuid = {E9E1EA2E-1DD4-4F67-AEC2-8F04C5B5CBB8}
	EndGlobalSection
EndGlobal
